
Microsoft Visual Studio Solution File, Format Version 12.00
# Visual Studio 15
VisualStudioVersion = 15.0.26430.4
MinimumVisualStudioVersion = 10.0.40219.1
Project("{9A19103F-16F7-4668-BE54-9A1E7A4F7556}") = "ArraySorter3", "ArraySorter3\ArraySorter3.csproj", "{8239F0A8-C2F3-4FE7-8C04-36383CBA4488}"
EndProject
Project("{FAE04EC0-301F-11D3-BF4B-00C04F79EFBC}") = "ArraySorter1", "ArraySorter1\ArraySorter1.csproj", "{8BD8ECBB-7370-469C-9296-977778A34814}"
EndProject
Project("{FAE04EC0-301F-11D3-BF4B-00C04F79EFBC}") = "ArraySorter2", "ArraySorter2\ArraySorter2.csproj", "{4CCD9FEE-A5F7-46F7-B7A2-B77700CEF5AD}"
EndProject
Global
	GlobalSection(SolutionConfigurationPlatforms) = preSolution
		Debug|Any CPU = Debug|Any CPU
		Release|Any CPU = Release|Any CPU
	EndGlobalSection
	GlobalSection(ProjectConfigurationPlatforms) = postSolution
		{8239F0A8-C2F3-4FE7-8C04-36383CBA4488}.Debug|Any CPU.ActiveCfg = Debug|Any CPU
		{8239F0A8-C2F3-4FE7-8C04-36383CBA4488}.Debug|Any CPU.Build.0 = Debug|Any CPU
		{8239F0A8-C2F3-4FE7-8C04-36383CBA4488}.Release|Any CPU.ActiveCfg = Release|Any CPU
		{8239F0A8-C2F3-4FE7-8C04-36383CBA4488}.Release|Any CPU.Build.0 = Release|Any CPU
		{8BD8ECBB-7370-469C-9296-977778A34814}.Debug|Any CPU.ActiveCfg = Debug|Any CPU
		{8BD8ECBB-7370-469C-9296-977778A34814}.Debug|Any CPU.Build.0 = Debug|Any CPU
		{8BD8ECBB-7370-469C-9296-977778A34814}.Release|Any CPU.ActiveCfg = Release|Any CPU
		{8BD8ECBB-7370-469C-9296-977778A34814}.Release|Any CPU.Build.0 = Release|Any CPU
		{4CCD9FEE-A5F7-46F7-B7A2-B77700CEF5AD}.Debug|Any CPU.ActiveCfg = Debug|Any CPU
		{4CCD9FEE-A5F7-46F7-B7A2-B77700CEF5AD}.Debug|Any CPU.Build.0 = Debug|Any CPU
		{4CCD9FEE-A5F7-46F7-B7A2-B77700CEF5AD}.Release|Any CPU.ActiveCfg = Release|Any CPU
		{4CCD9FEE-A5F7-46F7-B7A2-B77700CEF5AD}.Release|Any CPU.Build.0 = Release|Any CPU
	EndGlobalSection
	GlobalSection(SolutionProperties) = preSolution
		HideSolutionNode = FALSE
	EndGlobalSection
EndGlobal
